
Microsoft Visual Studio Solution File, Format Version 12.00
# Visual Studio Version 17
VisualStudioVersion = 17.7.34031.279
MinimumVisualStudioVersion = 10.0.40219.1
Project("{FAE04EC0-301F-11D3-BF4B-00C04F79EFBC}") = "UserManagementApplication", "UserManagementApplication\UserManagementApplication.csproj", "{5D82B09C-C75C-434E-8F42-C170CDA1AA7B}"
EndProject
Global
	GlobalSection(SolutionConfigurationPlatforms) = preSolution
		Debug|Any CPU = Debug|Any CPU
		Release|Any CPU = Release|Any CPU
	EndGlobalSection
	GlobalSection(ProjectConfigurationPlatforms) = postSolution
		{5D82B09C-C75C-434E-8F42-C170CDA1AA7B}.Debug|Any CPU.ActiveCfg = Debug|Any CPU
		{5D82B09C-C75C-434E-8F42-C170CDA1AA7B}.Debug|Any CPU.Build.0 = Debug|Any CPU
		{5D82B09C-C75C-434E-8F42-C170CDA1AA7B}.Release|Any CPU.ActiveCfg = Release|Any CPU
		{5D82B09C-C75C-434E-8F42-C170CDA1AA7B}.Release|Any CPU.Build.0 = Release|Any CPU
	EndGlobalSection
	GlobalSection(SolutionProperties) = preSolution
		HideSolutionNode = FALSE
	EndGlobalSection
	GlobalSection(ExtensibilityGlobals) = postSolution
		SolutionGuid = {6C0BF150-B5F5-45C9-AA72-BC70F7CD48A7}
	EndGlobalSection
EndGlobal
